// !$*UTF8*$!
{
	archiveVersion = 1;
	classes = {
	};
	objectVersion = 50;
	objects = {

/* Begin PBXBuildFile section */
		9A47922223D79A0D0024F49F /* Posting.swift in Sources */ = {isa = PBXBuildFile; fileRef = 9A47922123D79A0D0024F49F /* Posting.swift */; };
		C3D356B3255FA816ACAA2F00 /* libPods-MonthlyBudget.a in Frameworks */ = {isa = PBXBuildFile; fileRef = A564DD3A1079AAD18ACED74D /* libPods-MonthlyBudget.a */; };
		D41BBF7523CE01D6005E889A /* AppDelegate.swift in Sources */ = {isa = PBXBuildFile; fileRef = D41BBF7423CE01D6005E889A /* AppDelegate.swift */; };
		D41BBF7923CE01D7005E889A /* MainController.swift in Sources */ = {isa = PBXBuildFile; fileRef = D41BBF7823CE01D7005E889A /* MainController.swift */; };
		D41BBF7C23CE01D7005E889A /* Main.storyboard in Resources */ = {isa = PBXBuildFile; fileRef = D41BBF7A23CE01D7005E889A /* Main.storyboard */; };
		D41BBF7E23CE01D7005E889A /* Assets.xcassets in Resources */ = {isa = PBXBuildFile; fileRef = D41BBF7D23CE01D7005E889A /* Assets.xcassets */; };
		D41BBF8123CE01D7005E889A /* LaunchScreen.storyboard in Resources */ = {isa = PBXBuildFile; fileRef = D41BBF7F23CE01D7005E889A /* LaunchScreen.storyboard */; };
		D41BBF8923CF6684005E889A /* Helper.swift in Sources */ = {isa = PBXBuildFile; fileRef = D41BBF8823CF6684005E889A /* Helper.swift */; };
/* End PBXBuildFile section */

/* Begin PBXFileReference section */
		9A47922123D79A0D0024F49F /* Posting.swift */ = {isa = PBXFileReference; lastKnownFileType = sourcecode.swift; path = Posting.swift; sourceTree = "<group>"; };
		A564DD3A1079AAD18ACED74D /* libPods-MonthlyBudget.a */ = {isa = PBXFileReference; explicitFileType = archive.ar; includeInIndex = 0; path = "libPods-MonthlyBudget.a"; sourceTree = BUILT_PRODUCTS_DIR; };
		D41BBF7123CE01D6005E889A /* MonthlyBudget.app */ = {isa = PBXFileReference; explicitFileType = wrapper.application; includeInIndex = 0; path = MonthlyBudget.app; sourceTree = BUILT_PRODUCTS_DIR; };
		D41BBF7423CE01D6005E889A /* AppDelegate.swift */ = {isa = PBXFileReference; lastKnownFileType = sourcecode.swift; path = AppDelegate.swift; sourceTree = "<group>"; };
		D41BBF7823CE01D7005E889A /* MainController.swift */ = {isa = PBXFileReference; lastKnownFileType = sourcecode.swift; path = MainController.swift; sourceTree = "<group>"; };
		D41BBF7B23CE01D7005E889A /* Base */ = {isa = PBXFileReference; lastKnownFileType = file.storyboard; name = Base; path = Base.lproj/Main.storyboard; sourceTree = "<group>"; };
		D41BBF7D23CE01D7005E889A /* Assets.xcassets */ = {isa = PBXFileReference; lastKnownFileType = folder.assetcatalog; path = Assets.xcassets; sourceTree = "<group>"; };
		D41BBF8023CE01D7005E889A /* Base */ = {isa = PBXFileReference; lastKnownFileType = file.storyboard; name = Base; path = Base.lproj/LaunchScreen.storyboard; sourceTree = "<group>"; };
		D41BBF8223CE01D8005E889A /* Info.plist */ = {isa = PBXFileReference; lastKnownFileType = text.plist.xml; path = Info.plist; sourceTree = "<group>"; };
		D41BBF8823CF6684005E889A /* Helper.swift */ = {isa = PBXFileReference; lastKnownFileType = sourcecode.swift; path = Helper.swift; sourceTree = "<group>"; };
		E50EDA8E3CDF72F4C2A670B2 /* Pods-MonthlyBudget.debug.xcconfig */ = {isa = PBXFileReference; includeInIndex = 1; lastKnownFileType = text.xcconfig; name = "Pods-MonthlyBudget.debug.xcconfig"; path = "Target Support Files/Pods-MonthlyBudget/Pods-MonthlyBudget.debug.xcconfig"; sourceTree = "<group>"; };
		F05525B08509E9D5C5A34DCF /* Pods-MonthlyBudget.release.xcconfig */ = {isa = PBXFileReference; includeInIndex = 1; lastKnownFileType = text.xcconfig; name = "Pods-MonthlyBudget.release.xcconfig"; path = "Target Support Files/Pods-MonthlyBudget/Pods-MonthlyBudget.release.xcconfig"; sourceTree = "<group>"; };
/* End PBXFileReference section */

/* Begin PBXFrameworksBuildPhase section */
		D41BBF6E23CE01D6005E889A /* Frameworks */ = {
			isa = PBXFrameworksBuildPhase;
			buildActionMask = 2147483647;
			files = (
				C3D356B3255FA816ACAA2F00 /* libPods-MonthlyBudget.a in Frameworks */,
			);
			runOnlyForDeploymentPostprocessing = 0;
		};
/* End PBXFrameworksBuildPhase section */

/* Begin PBXGroup section */
		32CE2D959EB2A6E6BC0F0A25 /* Frameworks */ = {
			isa = PBXGroup;
			children = (
				A564DD3A1079AAD18ACED74D /* libPods-MonthlyBudget.a */,
			);
			name = Frameworks;
			sourceTree = "<group>";
		};
		670150859B3075CD754DEDAC /* Pods */ = {
			isa = PBXGroup;
			children = (
				E50EDA8E3CDF72F4C2A670B2 /* Pods-MonthlyBudget.debug.xcconfig */,
				F05525B08509E9D5C5A34DCF /* Pods-MonthlyBudget.release.xcconfig */,
			);
			path = Pods;
			sourceTree = "<group>";
		};
		D41BBF6823CE01D6005E889A = {
			isa = PBXGroup;
			children = (
				D41BBF7323CE01D6005E889A /* MonthlyBudget */,
				D41BBF7223CE01D6005E889A /* Products */,
				670150859B3075CD754DEDAC /* Pods */,
				32CE2D959EB2A6E6BC0F0A25 /* Frameworks */,
			);
			sourceTree = "<group>";
		};
		D41BBF7223CE01D6005E889A /* Products */ = {
			isa = PBXGroup;
			children = (
				D41BBF7123CE01D6005E889A /* MonthlyBudget.app */,
			);
			name = Products;
			sourceTree = "<group>";
		};
		D41BBF7323CE01D6005E889A /* MonthlyBudget */ = {
			isa = PBXGroup;
			children = (
				D41BBF7823CE01D7005E889A /* MainController.swift */,
				D41BBF7423CE01D6005E889A /* AppDelegate.swift */,
				D41BBF7A23CE01D7005E889A /* Main.storyboard */,
				D41BBF7D23CE01D7005E889A /* Assets.xcassets */,
				D41BBF7F23CE01D7005E889A /* LaunchScreen.storyboard */,
				D41BBF8223CE01D8005E889A /* Info.plist */,
				D41BBF8823CF6684005E889A /* Helper.swift */,
				9A47922123D79A0D0024F49F /* Posting.swift */,
			);
			path = MonthlyBudget;
			sourceTree = "<group>";
		};
/* End PBXGroup section */

/* Begin PBXNativeTarget section */
		D41BBF7023CE01D6005E889A /* MonthlyBudget */ = {
			isa = PBXNativeTarget;
			buildConfigurationList = D41BBF8523CE01D8005E889A /* Build configuration list for PBXNativeTarget "MonthlyBudget" */;
			buildPhases = (
				B9C3A9527AB4C27C8958AD60 /* [CP] Check Pods Manifest.lock */,
				D41BBF6D23CE01D6005E889A /* Sources */,
				D41BBF6E23CE01D6005E889A /* Frameworks */,
				D41BBF6F23CE01D6005E889A /* Resources */,
				1DB25771707EC667D5FC2315 /* [CP] Copy Pods Resources */,
			);
			buildRules = (
			);
			dependencies = (
			);
			name = MonthlyBudget;
			productName = MonthlyBudget;
			productReference = D41BBF7123CE01D6005E889A /* MonthlyBudget.app */;
			productType = "com.apple.product-type.application";
		};
/* End PBXNativeTarget section */

/* Begin PBXProject section */
		D41BBF6923CE01D6005E889A /* Project object */ = {
			isa = PBXProject;
			attributes = {
				LastSwiftUpdateCheck = 1120;
				LastUpgradeCheck = 1120;
				ORGANIZATIONNAME = ashvpps;
				TargetAttributes = {
					D41BBF7023CE01D6005E889A = {
						CreatedOnToolsVersion = 11.2.1;
					};
				};
			};
			buildConfigurationList = D41BBF6C23CE01D6005E889A /* Build configuration list for PBXProject "MonthlyBudget" */;
			compatibilityVersion = "Xcode 9.3";
			developmentRegion = en;
			hasScannedForEncodings = 0;
			knownRegions = (
				en,
				Base,
			);
			mainGroup = D41BBF6823CE01D6005E889A;
			productRefGroup = D41BBF7223CE01D6005E889A /* Products */;
			projectDirPath = "";
			projectRoot = "";
			targets = (
				D41BBF7023CE01D6005E889A /* MonthlyBudget */,
			);
		};
/* End PBXProject section */

/* Begin PBXResourcesBuildPhase section */
		D41BBF6F23CE01D6005E889A /* Resources */ = {
			isa = PBXResourcesBuildPhase;
			buildActionMask = 2147483647;
			files = (
				D41BBF8123CE01D7005E889A /* LaunchScreen.storyboard in Resources */,
				D41BBF7E23CE01D7005E889A /* Assets.xcassets in Resources */,
				D41BBF7C23CE01D7005E889A /* Main.storyboard in Resources */,
			);
			runOnlyForDeploymentPostprocessing = 0;
		};
/* End PBXResourcesBuildPhase section */

/* Begin PBXShellScriptBuildPhase section */
		1DB25771707EC667D5FC2315 /* [CP] Copy Pods Resources */ = {
			isa = PBXShellScriptBuildPhase;
			buildActionMask = 2147483647;
			files = (
			);
			inputFileListPaths = (
				"${PODS_ROOT}/Target Support Files/Pods-MonthlyBudget/Pods-MonthlyBudget-resources-${CONFIGURATION}-input-files.xcfilelist",
			);
			name = "[CP] Copy Pods Resources";
			outputFileListPaths = (
				"${PODS_ROOT}/Target Support Files/Pods-MonthlyBudget/Pods-MonthlyBudget-resources-${CONFIGURATION}-output-files.xcfilelist",
			);
			runOnlyForDeploymentPostprocessing = 0;
			shellPath = /bin/sh;
			shellScript = "\"${PODS_ROOT}/Target Support Files/Pods-MonthlyBudget/Pods-MonthlyBudget-resources.sh\"\n";
			showEnvVarsInLog = 0;
		};
		B9C3A9527AB4C27C8958AD60 /* [CP] Check Pods Manifest.lock */ = {
			isa = PBXShellScriptBuildPhase;
			buildActionMask = 2147483647;
			files = (
			);
			inputFileListPaths = (
			);
			inputPaths = (
				"${PODS_PODFILE_DIR_PATH}/Podfile.lock",
				"${PODS_ROOT}/Manifest.lock",
			);
			name = "[CP] Check Pods Manifest.lock";
			outputFileListPaths = (
			);
			outputPaths = (
				"$(DERIVED_FILE_DIR)/Pods-MonthlyBudget-checkManifestLockResult.txt",
			);
			runOnlyForDeploymentPostprocessing = 0;
			shellPath = /bin/sh;
			shellScript = "diff \"${PODS_PODFILE_DIR_PATH}/Podfile.lock\" \"${PODS_ROOT}/Manifest.lock\" > /dev/null\nif [ $? != 0 ] ; then\n    # print error to STDERR\n    echo \"error: The sandbox is not in sync with the Podfile.lock. Run 'pod install' or update your CocoaPods installation.\" >&2\n    exit 1\nfi\n# This output is used by Xcode 'outputs' to avoid re-running this script phase.\necho \"SUCCESS\" > \"${SCRIPT_OUTPUT_FILE_0}\"\n";
			showEnvVarsInLog = 0;
		};
/* End PBXShellScriptBuildPhase section */

/* Begin PBXSourcesBuildPhase section */
		D41BBF6D23CE01D6005E889A /* Sources */ = {
			isa = PBXSourcesBuildPhase;
			buildActionMask = 2147483647;
			files = (
				9A47922223D79A0D0024F49F /* Posting.swift in Sources */,
				D41BBF7923CE01D7005E889A /* MainController.swift in Sources */,
				D41BBF7523CE01D6005E889A /* AppDelegate.swift in Sources */,
				D41BBF8923CF6684005E889A /* Helper.swift in Sources */,
			);
			runOnlyForDeploymentPostprocessing = 0;
		};
/* End PBXSourcesBuildPhase section */

/* Begin PBXVariantGroup section */
		D41BBF7A23CE01D7005E889A /* Main.storyboard */ = {
			isa = PBXVariantGroup;
			children = (
				D41BBF7B23CE01D7005E889A /* Base */,
			);
			name = Main.storyboard;
			sourceTree = "<group>";
		};
		D41BBF7F23CE01D7005E889A /* LaunchScreen.storyboard */ = {
			isa = PBXVariantGroup;
			children = (
				D41BBF8023CE01D7005E889A /* Base */,
			);
			name = LaunchScreen.storyboard;
			sourceTree = "<group>";
		};
/* End PBXVariantGroup section */

/* Begin XCBuildConfiguration section */
		D41BBF8323CE01D8005E889A /* Debug */ = {
			isa = XCBuildConfiguration;
			buildSettings = {
				ALWAYS_SEARCH_USER_PATHS = NO;
				CLANG_ANALYZER_NONNULL = YES;
				CLANG_ANALYZER_NUMBER_OBJECT_CONVERSION = YES_AGGRESSIVE;
				CLANG_CXX_LANGUAGE_STANDARD = "gnu++14";
				CLANG_CXX_LIBRARY = "libc++";
				CLANG_ENABLE_MODULES = YES;
				CLANG_ENABLE_OBJC_ARC = YES;
				CLANG_ENABLE_OBJC_WEAK = YES;
				CLANG_WARN_BLOCK_CAPTURE_AUTORELEASING = YES;
				CLANG_WARN_BOOL_CONVERSION = YES;
				CLANG_WARN_COMMA = YES;
				CLANG_WARN_CONSTANT_CONVERSION = YES;
				CLANG_WARN_DEPRECATED_OBJC_IMPLEMENTATIONS = YES;
				CLANG_WARN_DIRECT_OBJC_ISA_USAGE = YES_ERROR;
				CLANG_WARN_DOCUMENTATION_COMMENTS = YES;
				CLANG_WARN_EMPTY_BODY = YES;
				CLANG_WARN_ENUM_CONVERSION = YES;
				CLANG_WARN_INFINITE_RECURSION = YES;
				CLANG_WARN_INT_CONVERSION = YES;
				CLANG_WARN_NON_LITERAL_NULL_CONVERSION = YES;
				CLANG_WARN_OBJC_IMPLICIT_RETAIN_SELF = YES;
				CLANG_WARN_OBJC_LITERAL_CONVERSION = YES;
				CLANG_WARN_OBJC_ROOT_CLASS = YES_ERROR;
				CLANG_WARN_RANGE_LOOP_ANALYSIS = YES;
				CLANG_WARN_STRICT_PROTOTYPES = YES;
				CLANG_WARN_SUSPICIOUS_MOVE = YES;
				CLANG_WARN_UNGUARDED_AVAILABILITY = YES_AGGRESSIVE;
				CLANG_WARN_UNREACHABLE_CODE = YES;
				CLANG_WARN__DUPLICATE_METHOD_MATCH = YES;
				COPY_PHASE_STRIP = NO;
				DEBUG_INFORMATION_FORMAT = dwarf;
				ENABLE_STRICT_OBJC_MSGSEND = YES;
				ENABLE_TESTABILITY = YES;
				GCC_C_LANGUAGE_STANDARD = gnu11;
				GCC_DYNAMIC_NO_PIC = NO;
				GCC_NO_COMMON_BLOCKS = YES;
				GCC_OPTIMIZATION_LEVEL = 0;
				GCC_PREPROCESSOR_DEFINITIONS = (
					"DEBUG=1",
					"$(inherited)",
				);
				GCC_WARN_64_TO_32_BIT_CONVERSION = YES;
				GCC_WARN_ABOUT_RETURN_TYPE = YES_ERROR;
				GCC_WARN_UNDECLARED_SELECTOR = YES;
				GCC_WARN_UNINITIALIZED_AUTOS = YES_AGGRESSIVE;
				GCC_WARN_UNUSED_FUNCTION = YES;
				GCC_WARN_UNUSED_VARIABLE = YES;
				IPHONEOS_DEPLOYMENT_TARGET = 12.0;
				MTL_ENABLE_DEBUG_INFO = INCLUDE_SOURCE;
				MTL_FAST_MATH = YES;
				ONLY_ACTIVE_ARCH = YES;
				SDKROOT = iphoneos;
				SWIFT_ACTIVE_COMPILATION_CONDITIONS = DEBUG;
				SWIFT_OPTIMIZATION_LEVEL = "-Onone";
			};
			name = Debug;
		};
		D41BBF8423CE01D8005E889A /* Release */ = {
			isa = XCBuildConfiguration;
			buildSettings = {
				ALWAYS_SEARCH_USER_PATHS = NO;
				CLANG_ANALYZER_NONNULL = YES;
				CLANG_ANALYZER_NUMBER_OBJECT_CONVERSION = YES_AGGRESSIVE;
				CLANG_CXX_LANGUAGE_STANDARD = "gnu++14";
				CLANG_CXX_LIBRARY = "libc++";
				CLANG_ENABLE_MODULES = YES;
				CLANG_ENABLE_OBJC_ARC = YES;
				CLANG_ENABLE_OBJC_WEAK = YES;
				CLANG_WARN_BLOCK_CAPTURE_AUTORELEASING = YES;
				CLANG_WARN_BOOL_CONVERSION = YES;
				CLANG_WARN_COMMA = YES;
				CLANG_WARN_CONSTANT_CONVERSION = YES;
				CLANG_WARN_DEPRECATED_OBJC_IMPLEMENTATIONS = YES;
				CLANG_WARN_DIRECT_OBJC_ISA_USAGE = YES_ERROR;
				CLANG_WARN_DOCUMENTATION_COMMENTS = YES;
				CLANG_WARN_EMPTY_BODY = YES;
				CLANG_WARN_ENUM_CONVERSION = YES;
				CLANG_WARN_INFINITE_RECURSION = YES;
				CLANG_WARN_INT_CONVERSION = YES;
				CLANG_WARN_NON_LITERAL_NULL_CONVERSION = YES;
				CLANG_WARN_OBJC_IMPLICIT_RETAIN_SELF = YES;
				CLANG_WARN_OBJC_LITERAL_CONVERSION = YES;
				CLANG_WARN_OBJC_ROOT_CLASS = YES_ERROR;
				CLANG_WARN_RANGE_LOOP_ANALYSIS = YES;
				CLANG_WARN_STRICT_PROTOTYPES = YES;
				CLANG_WARN_SUSPICIOUS_MOVE = YES;
				CLANG_WARN_UNGUARDED_AVAILABILITY = YES_AGGRESSIVE;
				CLANG_WARN_UNREACHABLE_CODE = YES;
				CLANG_WARN__DUPLICATE_METHOD_MATCH = YES;
				COPY_PHASE_STRIP = NO;
				DEBUG_INFORMATION_FORMAT = "dwarf-with-dsym";
				ENABLE_NS_ASSERTIONS = NO;
				ENABLE_STRICT_OBJC_MSGSEND = YES;
				GCC_C_LANGUAGE_STANDARD = gnu11;
				GCC_NO_COMMON_BLOCKS = YES;
				GCC_WARN_64_TO_32_BIT_CONVERSION = YES;
				GCC_WARN_ABOUT_RETURN_TYPE = YES_ERROR;
				GCC_WARN_UNDECLARED_SELECTOR = YES;
				GCC_WARN_UNINITIALIZED_AUTOS = YES_AGGRESSIVE;
				GCC_WARN_UNUSED_FUNCTION = YES;
				GCC_WARN_UNUSED_VARIABLE = YES;
				IPHONEOS_DEPLOYMENT_TARGET = 12.0;
				MTL_ENABLE_DEBUG_INFO = NO;
				MTL_FAST_MATH = YES;
				SDKROOT = iphoneos;
				SWIFT_COMPILATION_MODE = wholemodule;
				SWIFT_OPTIMIZATION_LEVEL = "-O";
				VALIDATE_PRODUCT = YES;
			};
			name = Release;
		};
		D41BBF8623CE01D8005E889A /* Debug */ = {
			isa = XCBuildConfiguration;
			baseConfigurationReference = E50EDA8E3CDF72F4C2A670B2 /* Pods-MonthlyBudget.debug.xcconfig */;
			buildSettings = {
				ASSETCATALOG_COMPILER_APPICON_NAME = AppIcon;
				CODE_SIGN_STYLE = Automatic;
				DEVELOPMENT_TEAM = 7G3V6X6S8T;
				INFOPLIST_FILE = MonthlyBudget/Info.plist;
				IPHONEOS_DEPLOYMENT_TARGET = 12.0;
				LD_RUNPATH_SEARCH_PATHS = (
					"$(inherited)",
					"@executable_path/Frameworks",
				);
				PRODUCT_BUNDLE_IDENTIFIER = com.ashvpps.MonthlyBudget;
				PRODUCT_NAME = "$(TARGET_NAME)";
				SWIFT_VERSION = 4.2;
				TARGETED_DEVICE_FAMILY = "1,2";
			};
			name = Debug;
		};
		D41BBF8723CE01D8005E889A /* Release */ = {
			isa = XCBuildConfiguration;
			baseConfigurationReference = F05525B08509E9D5C5A34DCF /* Pods-MonthlyBudget.release.xcconfig */;
			buildSettings = {
				ASSETCATALOG_COMPILER_APPICON_NAME = AppIcon;
				CODE_SIGN_STYLE = Automatic;
				DEVELOPMENT_TEAM = 7G3V6X6S8T;
				INFOPLIST_FILE = MonthlyBudget/Info.plist;
				IPHONEOS_DEPLOYMENT_TARGET = 12.0;
				LD_RUNPATH_SEARCH_PATHS = (
					"$(inherited)",
					"@executable_path/Frameworks",
				);
				PRODUCT_BUNDLE_IDENTIFIER = com.ashvpps.MonthlyBudget;
				PRODUCT_NAME = "$(TARGET_NAME)";
				SWIFT_VERSION = 4.2;
				TARGETED_DEVICE_FAMILY = "1,2";
			};
			name = Release;
		};
/* End XCBuildConfiguration section */

/* Begin XCConfigurationList section */
		D41BBF6C23CE01D6005E889A /* Build configuration list for PBXProject "MonthlyBudget" */ = {
			isa = XCConfigurationList;
			buildConfigurations = (
				D41BBF8323CE01D8005E889A /* Debug */,
				D41BBF8423CE01D8005E889A /* Release */,
			);
			defaultConfigurationIsVisible = 0;
			defaultConfigurationName = Release;
		};
		D41BBF8523CE01D8005E889A /* Build configuration list for PBXNativeTarget "MonthlyBudget" */ = {
			isa = XCConfigurationList;
			buildConfigurations = (
				D41BBF8623CE01D8005E889A /* Debug */,
				D41BBF8723CE01D8005E889A /* Release */,
			);
			defaultConfigurationIsVisible = 0;
			defaultConfigurationName = Release;
		};
/* End XCConfigurationList section */
	};
	rootObject = D41BBF6923CE01D6005E889A /* Project object */;
}
